// !$*UTF8*$!
{
	archiveVersion = 1;
	classes = {
	};
	objectVersion = 56;
	objects = {

/* Begin PBXBuildFile section */
		488C004B2C34306B005F900F /* AppDelegate.swift in Sources */ = {isa = PBXBuildFile; fileRef = 488C004A2C34306B005F900F /* AppDelegate.swift */; };
		488C004D2C34306B005F900F /* SceneDelegate.swift in Sources */ = {isa = PBXBuildFile; fileRef = 488C004C2C34306B005F900F /* SceneDelegate.swift */; };
		488C004F2C34306B005F900F /* ListViewController.swift in Sources */ = {isa = PBXBuildFile; fileRef = 488C004E2C34306B005F900F /* ListViewController.swift */; };
		488C00542C34306D005F900F /* Assets.xcassets in Resources */ = {isa = PBXBuildFile; fileRef = 488C00532C34306D005F900F /* Assets.xcassets */; };
		488C00572C34306D005F900F /* Base in Resources */ = {isa = PBXBuildFile; fileRef = 488C00562C34306D005F900F /* Base */; };
		488C005F2C343100005F900F /* .gitignore in Resources */ = {isa = PBXBuildFile; fileRef = 488C005E2C343100005F900F /* .gitignore */; };
		488C00632C34318E005F900F /* SnapKit in Frameworks */ = {isa = PBXBuildFile; productRef = 488C00622C34318E005F900F /* SnapKit */; };
		488C00662C3431BD005F900F /* RealmSwift in Frameworks */ = {isa = PBXBuildFile; productRef = 488C00652C3431BD005F900F /* RealmSwift */; };
		488C00692C34332D005F900F /* Todo.swift in Sources */ = {isa = PBXBuildFile; fileRef = 488C00682C34332D005F900F /* Todo.swift */; };
		488C006D2C343369005F900F /* ReuseIdentifier.swift in Sources */ = {isa = PBXBuildFile; fileRef = 488C006C2C343369005F900F /* ReuseIdentifier.swift */; };
		488C006F2C343380005F900F /* BaseTableCell.swift in Sources */ = {isa = PBXBuildFile; fileRef = 488C006E2C343380005F900F /* BaseTableCell.swift */; };
		488C00712C343397005F900F /* ListTableCell.swift in Sources */ = {isa = PBXBuildFile; fileRef = 488C00702C343397005F900F /* ListTableCell.swift */; };
		488C00732C343BAE005F900F /* BaseViewController.swift in Sources */ = {isa = PBXBuildFile; fileRef = 488C00722C343BAE005F900F /* BaseViewController.swift */; };
		488C00752C343D1B005F900F /* AddViewController.swift in Sources */ = {isa = PBXBuildFile; fileRef = 488C00742C343D1B005F900F /* AddViewController.swift */; };
		488C00782C343D9B005F900F /* BaseView.swift in Sources */ = {isa = PBXBuildFile; fileRef = 488C00772C343D9B005F900F /* BaseView.swift */; };
		488C007A2C343DBB005F900F /* AddView.swift in Sources */ = {isa = PBXBuildFile; fileRef = 488C00792C343DBB005F900F /* AddView.swift */; };
/* End PBXBuildFile section */

/* Begin PBXFileReference section */
		488C00472C34306B005F900F /* Reminder Project.app */ = {isa = PBXFileReference; explicitFileType = wrapper.application; includeInIndex = 0; path = "Reminder Project.app"; sourceTree = BUILT_PRODUCTS_DIR; };
		488C004A2C34306B005F900F /* AppDelegate.swift */ = {isa = PBXFileReference; lastKnownFileType = sourcecode.swift; path = AppDelegate.swift; sourceTree = "<group>"; };
		488C004C2C34306B005F900F /* SceneDelegate.swift */ = {isa = PBXFileReference; lastKnownFileType = sourcecode.swift; path = SceneDelegate.swift; sourceTree = "<group>"; };
		488C004E2C34306B005F900F /* ListViewController.swift */ = {isa = PBXFileReference; lastKnownFileType = sourcecode.swift; path = ListViewController.swift; sourceTree = "<group>"; };
		488C00532C34306D005F900F /* Assets.xcassets */ = {isa = PBXFileReference; lastKnownFileType = folder.assetcatalog; path = Assets.xcassets; sourceTree = "<group>"; };
		488C00562C34306D005F900F /* Base */ = {isa = PBXFileReference; lastKnownFileType = file.storyboard; name = Base; path = Base.lproj/LaunchScreen.storyboard; sourceTree = "<group>"; };
		488C00582C34306D005F900F /* Info.plist */ = {isa = PBXFileReference; lastKnownFileType = text.plist.xml; path = Info.plist; sourceTree = "<group>"; };
		488C005E2C343100005F900F /* .gitignore */ = {isa = PBXFileReference; lastKnownFileType = text; path = .gitignore; sourceTree = "<group>"; };
		488C00682C34332D005F900F /* Todo.swift */ = {isa = PBXFileReference; lastKnownFileType = sourcecode.swift; path = Todo.swift; sourceTree = "<group>"; };
		488C006C2C343369005F900F /* ReuseIdentifier.swift */ = {isa = PBXFileReference; lastKnownFileType = sourcecode.swift; path = ReuseIdentifier.swift; sourceTree = "<group>"; };
		488C006E2C343380005F900F /* BaseTableCell.swift */ = {isa = PBXFileReference; lastKnownFileType = sourcecode.swift; path = BaseTableCell.swift; sourceTree = "<group>"; };
		488C00702C343397005F900F /* ListTableCell.swift */ = {isa = PBXFileReference; lastKnownFileType = sourcecode.swift; path = ListTableCell.swift; sourceTree = "<group>"; };
		488C00722C343BAE005F900F /* BaseViewController.swift */ = {isa = PBXFileReference; lastKnownFileType = sourcecode.swift; path = BaseViewController.swift; sourceTree = "<group>"; };
		488C00742C343D1B005F900F /* AddViewController.swift */ = {isa = PBXFileReference; lastKnownFileType = sourcecode.swift; path = AddViewController.swift; sourceTree = "<group>"; };
		488C00772C343D9B005F900F /* BaseView.swift */ = {isa = PBXFileReference; lastKnownFileType = sourcecode.swift; path = BaseView.swift; sourceTree = "<group>"; };
		488C00792C343DBB005F900F /* AddView.swift */ = {isa = PBXFileReference; lastKnownFileType = sourcecode.swift; path = AddView.swift; sourceTree = "<group>"; };
/* End PBXFileReference section */

/* Begin PBXFrameworksBuildPhase section */
		488C00442C34306B005F900F /* Frameworks */ = {
			isa = PBXFrameworksBuildPhase;
			buildActionMask = 2147483647;
			files = (
				488C00662C3431BD005F900F /* RealmSwift in Frameworks */,
				488C00632C34318E005F900F /* SnapKit in Frameworks */,
			);
			runOnlyForDeploymentPostprocessing = 0;
		};
/* End PBXFrameworksBuildPhase section */

/* Begin PBXGroup section */
		488C003E2C34306B005F900F = {
			isa = PBXGroup;
			children = (
				488C005E2C343100005F900F /* .gitignore */,
				488C00492C34306B005F900F /* Reminder Project */,
				488C00482C34306B005F900F /* Products */,
			);
			sourceTree = "<group>";
		};
		488C00482C34306B005F900F /* Products */ = {
			isa = PBXGroup;
			children = (
				488C00472C34306B005F900F /* Reminder Project.app */,
			);
			name = Products;
			sourceTree = "<group>";
		};
		488C00492C34306B005F900F /* Reminder Project */ = {
			isa = PBXGroup;
			children = (
				488C00762C343D87005F900F /* Views */,
				488C006B2C343351005F900F /* Helpers */,
				488C006A2C343344005F900F /* Cells */,
				488C00672C34331E005F900F /* Database */,
				488C00602C343140005F900F /* Controllers */,
				488C004A2C34306B005F900F /* AppDelegate.swift */,
				488C004C2C34306B005F900F /* SceneDelegate.swift */,
				488C00532C34306D005F900F /* Assets.xcassets */,
				488C00552C34306D005F900F /* LaunchScreen.storyboard */,
				488C00582C34306D005F900F /* Info.plist */,
			);
			path = "Reminder Project";
			sourceTree = "<group>";
		};
		488C00602C343140005F900F /* Controllers */ = {
			isa = PBXGroup;
			children = (
				488C004E2C34306B005F900F /* ListViewController.swift */,
				488C00722C343BAE005F900F /* BaseViewController.swift */,
				488C00742C343D1B005F900F /* AddViewController.swift */,
			);
			path = Controllers;
			sourceTree = "<group>";
		};
		488C00672C34331E005F900F /* Database */ = {
			isa = PBXGroup;
			children = (
				488C00682C34332D005F900F /* Todo.swift */,
			);
			path = Database;
			sourceTree = "<group>";
		};
		488C006A2C343344005F900F /* Cells */ = {
			isa = PBXGroup;
			children = (
				488C006E2C343380005F900F /* BaseTableCell.swift */,
				488C00702C343397005F900F /* ListTableCell.swift */,
			);
			path = Cells;
			sourceTree = "<group>";
		};
		488C006B2C343351005F900F /* Helpers */ = {
			isa = PBXGroup;
			children = (
				488C006C2C343369005F900F /* ReuseIdentifier.swift */,
			);
			path = Helpers;
			sourceTree = "<group>";
		};
		488C00762C343D87005F900F /* Views */ = {
			isa = PBXGroup;
			children = (
				488C00772C343D9B005F900F /* BaseView.swift */,
				488C00792C343DBB005F900F /* AddView.swift */,
			);
			path = Views;
			sourceTree = "<group>";
		};
/* End PBXGroup section */

/* Begin PBXNativeTarget section */
		488C00462C34306B005F900F /* Reminder Project */ = {
			isa = PBXNativeTarget;
			buildConfigurationList = 488C005B2C34306D005F900F /* Build configuration list for PBXNativeTarget "Reminder Project" */;
			buildPhases = (
				488C00432C34306B005F900F /* Sources */,
				488C00442C34306B005F900F /* Frameworks */,
				488C00452C34306B005F900F /* Resources */,
			);
			buildRules = (
			);
			dependencies = (
			);
			name = "Reminder Project";
			packageProductDependencies = (
				488C00622C34318E005F900F /* SnapKit */,
				488C00652C3431BD005F900F /* RealmSwift */,
			);
			productName = "Reminder Project";
			productReference = 488C00472C34306B005F900F /* Reminder Project.app */;
			productType = "com.apple.product-type.application";
		};
/* End PBXNativeTarget section */

/* Begin PBXProject section */
		488C003F2C34306B005F900F /* Project object */ = {
			isa = PBXProject;
			attributes = {
				BuildIndependentTargetsInParallel = 1;
				LastSwiftUpdateCheck = 1530;
				LastUpgradeCheck = 1530;
				TargetAttributes = {
					488C00462C34306B005F900F = {
						CreatedOnToolsVersion = 15.3;
					};
				};
			};
			buildConfigurationList = 488C00422C34306B005F900F /* Build configuration list for PBXProject "Reminder Project" */;
			compatibilityVersion = "Xcode 14.0";
			developmentRegion = en;
			hasScannedForEncodings = 0;
			knownRegions = (
				en,
				Base,
			);
			mainGroup = 488C003E2C34306B005F900F;
			packageReferences = (
				488C00612C34318E005F900F /* XCRemoteSwiftPackageReference "SnapKit" */,
				488C00642C3431BD005F900F /* XCRemoteSwiftPackageReference "realm-swift" */,
			);
			productRefGroup = 488C00482C34306B005F900F /* Products */;
			projectDirPath = "";
			projectRoot = "";
			targets = (
				488C00462C34306B005F900F /* Reminder Project */,
			);
		};
/* End PBXProject section */

/* Begin PBXResourcesBuildPhase section */
		488C00452C34306B005F900F /* Resources */ = {
			isa = PBXResourcesBuildPhase;
			buildActionMask = 2147483647;
			files = (
				488C00542C34306D005F900F /* Assets.xcassets in Resources */,
				488C005F2C343100005F900F /* .gitignore in Resources */,
				488C00572C34306D005F900F /* Base in Resources */,
			);
			runOnlyForDeploymentPostprocessing = 0;
		};
/* End PBXResourcesBuildPhase section */

/* Begin PBXSourcesBuildPhase section */
		488C00432C34306B005F900F /* Sources */ = {
			isa = PBXSourcesBuildPhase;
			buildActionMask = 2147483647;
			files = (
				488C004F2C34306B005F900F /* ListViewController.swift in Sources */,
				488C006F2C343380005F900F /* BaseTableCell.swift in Sources */,
				488C00752C343D1B005F900F /* AddViewController.swift in Sources */,
				488C004B2C34306B005F900F /* AppDelegate.swift in Sources */,
				488C004D2C34306B005F900F /* SceneDelegate.swift in Sources */,
				488C00712C343397005F900F /* ListTableCell.swift in Sources */,
				488C007A2C343DBB005F900F /* AddView.swift in Sources */,
				488C00732C343BAE005F900F /* BaseViewController.swift in Sources */,
				488C00782C343D9B005F900F /* BaseView.swift in Sources */,
				488C006D2C343369005F900F /* ReuseIdentifier.swift in Sources */,
				488C00692C34332D005F900F /* Todo.swift in Sources */,
			);
			runOnlyForDeploymentPostprocessing = 0;
		};
/* End PBXSourcesBuildPhase section */

/* Begin PBXVariantGroup section */
		488C00552C34306D005F900F /* LaunchScreen.storyboard */ = {
			isa = PBXVariantGroup;
			children = (
				488C00562C34306D005F900F /* Base */,
			);
			name = LaunchScreen.storyboard;
			sourceTree = "<group>";
		};
/* End PBXVariantGroup section */

/* Begin XCBuildConfiguration section */
		488C00592C34306D005F900F /* Debug */ = {
			isa = XCBuildConfiguration;
			buildSettings = {
				ALWAYS_SEARCH_USER_PATHS = NO;
				ASSETCATALOG_COMPILER_GENERATE_SWIFT_ASSET_SYMBOL_EXTENSIONS = YES;
				CLANG_ANALYZER_NONNULL = YES;
				CLANG_ANALYZER_NUMBER_OBJECT_CONVERSION = YES_AGGRESSIVE;
				CLANG_CXX_LANGUAGE_STANDARD = "gnu++20";
				CLANG_ENABLE_MODULES = YES;
				CLANG_ENABLE_OBJC_ARC = YES;
				CLANG_ENABLE_OBJC_WEAK = YES;
				CLANG_WARN_BLOCK_CAPTURE_AUTORELEASING = YES;
				CLANG_WARN_BOOL_CONVERSION = YES;
				CLANG_WARN_COMMA = YES;
				CLANG_WARN_CONSTANT_CONVERSION = YES;
				CLANG_WARN_DEPRECATED_OBJC_IMPLEMENTATIONS = YES;
				CLANG_WARN_DIRECT_OBJC_ISA_USAGE = YES_ERROR;
				CLANG_WARN_DOCUMENTATION_COMMENTS = YES;
				CLANG_WARN_EMPTY_BODY = YES;
				CLANG_WARN_ENUM_CONVERSION = YES;
				CLANG_WARN_INFINITE_RECURSION = YES;
				CLANG_WARN_INT_CONVERSION = YES;
				CLANG_WARN_NON_LITERAL_NULL_CONVERSION = YES;
				CLANG_WARN_OBJC_IMPLICIT_RETAIN_SELF = YES;
				CLANG_WARN_OBJC_LITERAL_CONVERSION = YES;
				CLANG_WARN_OBJC_ROOT_CLASS = YES_ERROR;
				CLANG_WARN_QUOTED_INCLUDE_IN_FRAMEWORK_HEADER = YES;
				CLANG_WARN_RANGE_LOOP_ANALYSIS = YES;
				CLANG_WARN_STRICT_PROTOTYPES = YES;
				CLANG_WARN_SUSPICIOUS_MOVE = YES;
				CLANG_WARN_UNGUARDED_AVAILABILITY = YES_AGGRESSIVE;
				CLANG_WARN_UNREACHABLE_CODE = YES;
				CLANG_WARN__DUPLICATE_METHOD_MATCH = YES;
				COPY_PHASE_STRIP = NO;
				DEBUG_INFORMATION_FORMAT = dwarf;
				ENABLE_STRICT_OBJC_MSGSEND = YES;
				ENABLE_TESTABILITY = YES;
				ENABLE_USER_SCRIPT_SANDBOXING = YES;
				GCC_C_LANGUAGE_STANDARD = gnu17;
				GCC_DYNAMIC_NO_PIC = NO;
				GCC_NO_COMMON_BLOCKS = YES;
				GCC_OPTIMIZATION_LEVEL = 0;
				GCC_PREPROCESSOR_DEFINITIONS = (
					"DEBUG=1",
					"$(inherited)",
				);
				GCC_WARN_64_TO_32_BIT_CONVERSION = YES;
				GCC_WARN_ABOUT_RETURN_TYPE = YES_ERROR;
				GCC_WARN_UNDECLARED_SELECTOR = YES;
				GCC_WARN_UNINITIALIZED_AUTOS = YES_AGGRESSIVE;
				GCC_WARN_UNUSED_FUNCTION = YES;
				GCC_WARN_UNUSED_VARIABLE = YES;
				IPHONEOS_DEPLOYMENT_TARGET = 17.4;
				LOCALIZATION_PREFERS_STRING_CATALOGS = YES;
				MTL_ENABLE_DEBUG_INFO = INCLUDE_SOURCE;
				MTL_FAST_MATH = YES;
				ONLY_ACTIVE_ARCH = YES;
				SDKROOT = iphoneos;
				SWIFT_ACTIVE_COMPILATION_CONDITIONS = "DEBUG $(inherited)";
				SWIFT_OPTIMIZATION_LEVEL = "-Onone";
			};
			name = Debug;
		};
		488C005A2C34306D005F900F /* Release */ = {
			isa = XCBuildConfiguration;
			buildSettings = {
				ALWAYS_SEARCH_USER_PATHS = NO;
				ASSETCATALOG_COMPILER_GENERATE_SWIFT_ASSET_SYMBOL_EXTENSIONS = YES;
				CLANG_ANALYZER_NONNULL = YES;
				CLANG_ANALYZER_NUMBER_OBJECT_CONVERSION = YES_AGGRESSIVE;
				CLANG_CXX_LANGUAGE_STANDARD = "gnu++20";
				CLANG_ENABLE_MODULES = YES;
				CLANG_ENABLE_OBJC_ARC = YES;
				CLANG_ENABLE_OBJC_WEAK = YES;
				CLANG_WARN_BLOCK_CAPTURE_AUTORELEASING = YES;
				CLANG_WARN_BOOL_CONVERSION = YES;
				CLANG_WARN_COMMA = YES;
				CLANG_WARN_CONSTANT_CONVERSION = YES;
				CLANG_WARN_DEPRECATED_OBJC_IMPLEMENTATIONS = YES;
				CLANG_WARN_DIRECT_OBJC_ISA_USAGE = YES_ERROR;
				CLANG_WARN_DOCUMENTATION_COMMENTS = YES;
				CLANG_WARN_EMPTY_BODY = YES;
				CLANG_WARN_ENUM_CONVERSION = YES;
				CLANG_WARN_INFINITE_RECURSION = YES;
				CLANG_WARN_INT_CONVERSION = YES;
				CLANG_WARN_NON_LITERAL_NULL_CONVERSION = YES;
				CLANG_WARN_OBJC_IMPLICIT_RETAIN_SELF = YES;
				CLANG_WARN_OBJC_LITERAL_CONVERSION = YES;
				CLANG_WARN_OBJC_ROOT_CLASS = YES_ERROR;
				CLANG_WARN_QUOTED_INCLUDE_IN_FRAMEWORK_HEADER = YES;
				CLANG_WARN_RANGE_LOOP_ANALYSIS = YES;
				CLANG_WARN_STRICT_PROTOTYPES = YES;
				CLANG_WARN_SUSPICIOUS_MOVE = YES;
				CLANG_WARN_UNGUARDED_AVAILABILITY = YES_AGGRESSIVE;
				CLANG_WARN_UNREACHABLE_CODE = YES;
				CLANG_WARN__DUPLICATE_METHOD_MATCH = YES;
				COPY_PHASE_STRIP = NO;
				DEBUG_INFORMATION_FORMAT = "dwarf-with-dsym";
				ENABLE_NS_ASSERTIONS = NO;
				ENABLE_STRICT_OBJC_MSGSEND = YES;
				ENABLE_USER_SCRIPT_SANDBOXING = YES;
				GCC_C_LANGUAGE_STANDARD = gnu17;
				GCC_NO_COMMON_BLOCKS = YES;
				GCC_WARN_64_TO_32_BIT_CONVERSION = YES;
				GCC_WARN_ABOUT_RETURN_TYPE = YES_ERROR;
				GCC_WARN_UNDECLARED_SELECTOR = YES;
				GCC_WARN_UNINITIALIZED_AUTOS = YES_AGGRESSIVE;
				GCC_WARN_UNUSED_FUNCTION = YES;
				GCC_WARN_UNUSED_VARIABLE = YES;
				IPHONEOS_DEPLOYMENT_TARGET = 17.4;
				LOCALIZATION_PREFERS_STRING_CATALOGS = YES;
				MTL_ENABLE_DEBUG_INFO = NO;
				MTL_FAST_MATH = YES;
				SDKROOT = iphoneos;
				SWIFT_COMPILATION_MODE = wholemodule;
				VALIDATE_PRODUCT = YES;
			};
			name = Release;
		};
		488C005C2C34306D005F900F /* Debug */ = {
			isa = XCBuildConfiguration;
			buildSettings = {
				ASSETCATALOG_COMPILER_APPICON_NAME = AppIcon;
				ASSETCATALOG_COMPILER_GLOBAL_ACCENT_COLOR_NAME = AccentColor;
				CODE_SIGN_STYLE = Automatic;
				CURRENT_PROJECT_VERSION = 1;
				DEVELOPMENT_TEAM = U4HJYQP2ZD;
				GENERATE_INFOPLIST_FILE = YES;
				INFOPLIST_FILE = "Reminder Project/Info.plist";
				INFOPLIST_KEY_UIApplicationSupportsIndirectInputEvents = YES;
				INFOPLIST_KEY_UILaunchStoryboardName = LaunchScreen;
				INFOPLIST_KEY_UISupportedInterfaceOrientations = UIInterfaceOrientationPortrait;
				INFOPLIST_KEY_UISupportedInterfaceOrientations_iPad = UIInterfaceOrientationPortrait;
				IPHONEOS_DEPLOYMENT_TARGET = 16.0;
				LD_RUNPATH_SEARCH_PATHS = (
					"$(inherited)",
					"@executable_path/Frameworks",
				);
				MARKETING_VERSION = 1.0;
				PRODUCT_BUNDLE_IDENTIFIER = "com.dahyun.Reminder-Project";
				PRODUCT_NAME = "$(TARGET_NAME)";
				SUPPORTED_PLATFORMS = "iphoneos iphonesimulator";
				SUPPORTS_MACCATALYST = NO;
				SUPPORTS_MAC_DESIGNED_FOR_IPHONE_IPAD = NO;
				SUPPORTS_XR_DESIGNED_FOR_IPHONE_IPAD = NO;
				SWIFT_EMIT_LOC_STRINGS = YES;
				SWIFT_VERSION = 5.0;
				TARGETED_DEVICE_FAMILY = 1;
			};
			name = Debug;
		};
		488C005D2C34306D005F900F /* Release */ = {
			isa = XCBuildConfiguration;
			buildSettings = {
				ASSETCATALOG_COMPILER_APPICON_NAME = AppIcon;
				ASSETCATALOG_COMPILER_GLOBAL_ACCENT_COLOR_NAME = AccentColor;
				CODE_SIGN_STYLE = Automatic;
				CURRENT_PROJECT_VERSION = 1;
				DEVELOPMENT_TEAM = U4HJYQP2ZD;
				GENERATE_INFOPLIST_FILE = YES;
				INFOPLIST_FILE = "Reminder Project/Info.plist";
				INFOPLIST_KEY_UIApplicationSupportsIndirectInputEvents = YES;
				INFOPLIST_KEY_UILaunchStoryboardName = LaunchScreen;
				INFOPLIST_KEY_UISupportedInterfaceOrientations = UIInterfaceOrientationPortrait;
				INFOPLIST_KEY_UISupportedInterfaceOrientations_iPad = UIInterfaceOrientationPortrait;
				IPHONEOS_DEPLOYMENT_TARGET = 16.0;
				LD_RUNPATH_SEARCH_PATHS = (
					"$(inherited)",
					"@executable_path/Frameworks",
				);
				MARKETING_VERSION = 1.0;
				PRODUCT_BUNDLE_IDENTIFIER = "com.dahyun.Reminder-Project";
				PRODUCT_NAME = "$(TARGET_NAME)";
				SUPPORTED_PLATFORMS = "iphoneos iphonesimulator";
				SUPPORTS_MACCATALYST = NO;
				SUPPORTS_MAC_DESIGNED_FOR_IPHONE_IPAD = NO;
				SUPPORTS_XR_DESIGNED_FOR_IPHONE_IPAD = NO;
				SWIFT_EMIT_LOC_STRINGS = YES;
				SWIFT_VERSION = 5.0;
				TARGETED_DEVICE_FAMILY = 1;
			};
			name = Release;
		};
/* End XCBuildConfiguration section */

/* Begin XCConfigurationList section */
		488C00422C34306B005F900F /* Build configuration list for PBXProject "Reminder Project" */ = {
			isa = XCConfigurationList;
			buildConfigurations = (
				488C00592C34306D005F900F /* Debug */,
				488C005A2C34306D005F900F /* Release */,
			);
			defaultConfigurationIsVisible = 0;
			defaultConfigurationName = Release;
		};
		488C005B2C34306D005F900F /* Build configuration list for PBXNativeTarget "Reminder Project" */ = {
			isa = XCConfigurationList;
			buildConfigurations = (
				488C005C2C34306D005F900F /* Debug */,
				488C005D2C34306D005F900F /* Release */,
			);
			defaultConfigurationIsVisible = 0;
			defaultConfigurationName = Release;
		};
/* End XCConfigurationList section */

/* Begin XCRemoteSwiftPackageReference section */
		488C00612C34318E005F900F /* XCRemoteSwiftPackageReference "SnapKit" */ = {
			isa = XCRemoteSwiftPackageReference;
			repositoryURL = "https://github.com/SnapKit/SnapKit.git";
			requirement = {
				kind = upToNextMajorVersion;
				minimumVersion = 5.7.1;
			};
		};
		488C00642C3431BD005F900F /* XCRemoteSwiftPackageReference "realm-swift" */ = {
			isa = XCRemoteSwiftPackageReference;
			repositoryURL = "https://github.com/realm/realm-swift.git";
			requirement = {
				kind = exactVersion;
				version = 10.52.1;
			};
		};
/* End XCRemoteSwiftPackageReference section */

/* Begin XCSwiftPackageProductDependency section */
		488C00622C34318E005F900F /* SnapKit */ = {
			isa = XCSwiftPackageProductDependency;
			package = 488C00612C34318E005F900F /* XCRemoteSwiftPackageReference "SnapKit" */;
			productName = SnapKit;
		};
		488C00652C3431BD005F900F /* RealmSwift */ = {
			isa = XCSwiftPackageProductDependency;
			package = 488C00642C3431BD005F900F /* XCRemoteSwiftPackageReference "realm-swift" */;
			productName = RealmSwift;
		};
/* End XCSwiftPackageProductDependency section */
	};
	rootObject = 488C003F2C34306B005F900F /* Project object */;
}
